// !$*UTF8*$!
{
	archiveVersion = 1;
	classes = {
	};
	objectVersion = 52;
	objects = {

/* Begin PBXBuildFile section */
		A29765FB24ADE0C20047FF48 /* CustomOverlay.swift in Sources */ = {isa = PBXBuildFile; fileRef = A29765FA24ADE0C20047FF48 /* CustomOverlay.swift */; };
		A2D7FAC6256BF206006DDAA0 /* BlinkCard.xcframework in Frameworks */ = {isa = PBXBuildFile; fileRef = A2D7FAC4256BF200006DDAA0 /* BlinkCard.xcframework */; };
		A2D7FAC7256BF206006DDAA0 /* BlinkCard.xcframework in Embed Frameworks */ = {isa = PBXBuildFile; fileRef = A2D7FAC4256BF200006DDAA0 /* BlinkCard.xcframework */; settings = {ATTRIBUTES = (CodeSignOnCopy, RemoveHeadersOnCopy, ); }; };
		BE1BD957225F74BA00B7F55B /* AppDelegate.swift in Sources */ = {isa = PBXBuildFile; fileRef = BE1BD956225F74BA00B7F55B /* AppDelegate.swift */; };
		BE1BD959225F74BA00B7F55B /* ViewController.swift in Sources */ = {isa = PBXBuildFile; fileRef = BE1BD958225F74BA00B7F55B /* ViewController.swift */; };
		BE1BD95C225F74BA00B7F55B /* Main.storyboard in Resources */ = {isa = PBXBuildFile; fileRef = BE1BD95A225F74BA00B7F55B /* Main.storyboard */; };
		BE1BD95E225F74BB00B7F55B /* Assets.xcassets in Resources */ = {isa = PBXBuildFile; fileRef = BE1BD95D225F74BB00B7F55B /* Assets.xcassets */; };
		BE1BD961225F74BB00B7F55B /* LaunchScreen.storyboard in Resources */ = {isa = PBXBuildFile; fileRef = BE1BD95F225F74BB00B7F55B /* LaunchScreen.storyboard */; };
		BE1BD96A225F74EC00B7F55B /* libz.tbd in Frameworks */ = {isa = PBXBuildFile; fileRef = BE1BD969225F74EC00B7F55B /* libz.tbd */; };
		BE1BD96C225F74F100B7F55B /* libc++.tbd in Frameworks */ = {isa = PBXBuildFile; fileRef = BE1BD96B225F74F100B7F55B /* libc++.tbd */; };
		BE1BD96E225F74F700B7F55B /* AVFoundation.framework in Frameworks */ = {isa = PBXBuildFile; fileRef = BE1BD96D225F74F700B7F55B /* AVFoundation.framework */; };
		BE1BD970225F75C400B7F55B /* CoreMedia.framework in Frameworks */ = {isa = PBXBuildFile; fileRef = BE1BD96F225F75C400B7F55B /* CoreMedia.framework */; };
		BE1BD972225F75E500B7F55B /* libiconv.tbd in Frameworks */ = {isa = PBXBuildFile; fileRef = BE1BD971225F75E500B7F55B /* libiconv.tbd */; };
		BE1BD974225F75F100B7F55B /* AudioToolbox.framework in Frameworks */ = {isa = PBXBuildFile; fileRef = BE1BD973225F75F100B7F55B /* AudioToolbox.framework */; };
		BE1BD980225F7CC700B7F55B /* license.txt in Resources */ = {isa = PBXBuildFile; fileRef = BE1BD97F225F7CC700B7F55B /* license.txt */; };
/* End PBXBuildFile section */

/* Begin PBXCopyFilesBuildPhase section */
		BE87BAD2226F250000B79070 /* Embed Frameworks */ = {
			isa = PBXCopyFilesBuildPhase;
			buildActionMask = 2147483647;
			dstPath = "";
			dstSubfolderSpec = 10;
			files = (
				A2D7FAC7256BF206006DDAA0 /* BlinkCard.xcframework in Embed Frameworks */,
			);
			name = "Embed Frameworks";
			runOnlyForDeploymentPostprocessing = 0;
		};
/* End PBXCopyFilesBuildPhase section */

/* Begin PBXFileReference section */
		A29765FA24ADE0C20047FF48 /* CustomOverlay.swift */ = {isa = PBXFileReference; lastKnownFileType = sourcecode.swift; path = CustomOverlay.swift; sourceTree = "<group>"; };
		A2D7FAC4256BF200006DDAA0 /* BlinkCard.xcframework */ = {isa = PBXFileReference; lastKnownFileType = wrapper.xcframework; name = BlinkCard.xcframework; path = ../../BlinkCard.xcframework; sourceTree = "<group>"; };
		BE1BD953225F74BA00B7F55B /* BlinkCard-sample-Swift.app */ = {isa = PBXFileReference; explicitFileType = wrapper.application; includeInIndex = 0; path = "BlinkCard-sample-Swift.app"; sourceTree = BUILT_PRODUCTS_DIR; };
		BE1BD956225F74BA00B7F55B /* AppDelegate.swift */ = {isa = PBXFileReference; lastKnownFileType = sourcecode.swift; path = AppDelegate.swift; sourceTree = "<group>"; };
		BE1BD958225F74BA00B7F55B /* ViewController.swift */ = {isa = PBXFileReference; lastKnownFileType = sourcecode.swift; path = ViewController.swift; sourceTree = "<group>"; };
		BE1BD95B225F74BA00B7F55B /* Base */ = {isa = PBXFileReference; lastKnownFileType = file.storyboard; name = Base; path = Base.lproj/Main.storyboard; sourceTree = "<group>"; };
		BE1BD95D225F74BB00B7F55B /* Assets.xcassets */ = {isa = PBXFileReference; lastKnownFileType = folder.assetcatalog; path = Assets.xcassets; sourceTree = "<group>"; };
		BE1BD960225F74BB00B7F55B /* Base */ = {isa = PBXFileReference; lastKnownFileType = file.storyboard; name = Base; path = Base.lproj/LaunchScreen.storyboard; sourceTree = "<group>"; };
		BE1BD962225F74BB00B7F55B /* Info.plist */ = {isa = PBXFileReference; lastKnownFileType = text.plist.xml; path = Info.plist; sourceTree = "<group>"; };
		BE1BD969225F74EC00B7F55B /* libz.tbd */ = {isa = PBXFileReference; lastKnownFileType = "sourcecode.text-based-dylib-definition"; name = libz.tbd; path = usr/lib/libz.tbd; sourceTree = SDKROOT; };
		BE1BD96B225F74F100B7F55B /* libc++.tbd */ = {isa = PBXFileReference; lastKnownFileType = "sourcecode.text-based-dylib-definition"; name = "libc++.tbd"; path = "usr/lib/libc++.tbd"; sourceTree = SDKROOT; };
		BE1BD96D225F74F700B7F55B /* AVFoundation.framework */ = {isa = PBXFileReference; lastKnownFileType = wrapper.framework; name = AVFoundation.framework; path = System/Library/Frameworks/AVFoundation.framework; sourceTree = SDKROOT; };
		BE1BD96F225F75C400B7F55B /* CoreMedia.framework */ = {isa = PBXFileReference; lastKnownFileType = wrapper.framework; name = CoreMedia.framework; path = System/Library/Frameworks/CoreMedia.framework; sourceTree = SDKROOT; };
		BE1BD971225F75E500B7F55B /* libiconv.tbd */ = {isa = PBXFileReference; lastKnownFileType = "sourcecode.text-based-dylib-definition"; name = libiconv.tbd; path = usr/lib/libiconv.tbd; sourceTree = SDKROOT; };
		BE1BD973225F75F100B7F55B /* AudioToolbox.framework */ = {isa = PBXFileReference; lastKnownFileType = wrapper.framework; name = AudioToolbox.framework; path = System/Library/Frameworks/AudioToolbox.framework; sourceTree = SDKROOT; };
		BE1BD97F225F7CC700B7F55B /* license.txt */ = {isa = PBXFileReference; fileEncoding = 4; lastKnownFileType = text; name = license.txt; path = ../../License/license.txt; sourceTree = "<group>"; };
/* End PBXFileReference section */

/* Begin PBXFrameworksBuildPhase section */
		BE1BD950225F74BA00B7F55B /* Frameworks */ = {
			isa = PBXFrameworksBuildPhase;
			buildActionMask = 2147483647;
			files = (
				A2D7FAC6256BF206006DDAA0 /* BlinkCard.xcframework in Frameworks */,
				BE1BD974225F75F100B7F55B /* AudioToolbox.framework in Frameworks */,
				BE1BD972225F75E500B7F55B /* libiconv.tbd in Frameworks */,
				BE1BD970225F75C400B7F55B /* CoreMedia.framework in Frameworks */,
				BE1BD96E225F74F700B7F55B /* AVFoundation.framework in Frameworks */,
				BE1BD96C225F74F100B7F55B /* libc++.tbd in Frameworks */,
				BE1BD96A225F74EC00B7F55B /* libz.tbd in Frameworks */,
			);
			runOnlyForDeploymentPostprocessing = 0;
		};
/* End PBXFrameworksBuildPhase section */

/* Begin PBXGroup section */
		BE1BD94A225F74BA00B7F55B = {
			isa = PBXGroup;
			children = (
				BE1BD955225F74BA00B7F55B /* BlinkCard-sample-Swift */,
				BE1BD954225F74BA00B7F55B /* Products */,
				BE1BD968225F74EC00B7F55B /* Frameworks */,
			);
			sourceTree = "<group>";
		};
		BE1BD954225F74BA00B7F55B /* Products */ = {
			isa = PBXGroup;
			children = (
				BE1BD953225F74BA00B7F55B /* BlinkCard-sample-Swift.app */,
			);
			name = Products;
			sourceTree = "<group>";
		};
		BE1BD955225F74BA00B7F55B /* BlinkCard-sample-Swift */ = {
			isa = PBXGroup;
			children = (
				BE1BD97E225F7CBF00B7F55B /* License */,
				BE1BD956225F74BA00B7F55B /* AppDelegate.swift */,
				A29765FA24ADE0C20047FF48 /* CustomOverlay.swift */,
				BE1BD958225F74BA00B7F55B /* ViewController.swift */,
				BE1BD95A225F74BA00B7F55B /* Main.storyboard */,
				BE1BD95D225F74BB00B7F55B /* Assets.xcassets */,
				BE1BD95F225F74BB00B7F55B /* LaunchScreen.storyboard */,
				BE1BD962225F74BB00B7F55B /* Info.plist */,
			);
			path = "BlinkCard-sample-Swift";
			sourceTree = "<group>";
		};
		BE1BD968225F74EC00B7F55B /* Frameworks */ = {
			isa = PBXGroup;
			children = (
				A2D7FAC4256BF200006DDAA0 /* BlinkCard.xcframework */,
				BE1BD973225F75F100B7F55B /* AudioToolbox.framework */,
				BE1BD971225F75E500B7F55B /* libiconv.tbd */,
				BE1BD96F225F75C400B7F55B /* CoreMedia.framework */,
				BE1BD96D225F74F700B7F55B /* AVFoundation.framework */,
				BE1BD96B225F74F100B7F55B /* libc++.tbd */,
				BE1BD969225F74EC00B7F55B /* libz.tbd */,
			);
			name = Frameworks;
			sourceTree = "<group>";
		};
		BE1BD97E225F7CBF00B7F55B /* License */ = {
			isa = PBXGroup;
			children = (
				BE1BD97F225F7CC700B7F55B /* license.txt */,
			);
			name = License;
			sourceTree = "<group>";
		};
/* End PBXGroup section */

/* Begin PBXNativeTarget section */
		BE1BD952225F74BA00B7F55B /* BlinkCard-sample-Swift */ = {
			isa = PBXNativeTarget;
			buildConfigurationList = BE1BD965225F74BB00B7F55B /* Build configuration list for PBXNativeTarget "BlinkCard-sample-Swift" */;
			buildPhases = (
				BE1BD94F225F74BA00B7F55B /* Sources */,
				BE1BD950225F74BA00B7F55B /* Frameworks */,
				BE1BD951225F74BA00B7F55B /* Resources */,
				BE87BAD2226F250000B79070 /* Embed Frameworks */,
				180729952458811B00BFEC7F /* ShellScript */,
			);
			buildRules = (
			);
			dependencies = (
			);
			name = "BlinkCard-sample-Swift";
			productName = "BlinkCard-Sample-Swift";
			productReference = BE1BD953225F74BA00B7F55B /* BlinkCard-sample-Swift.app */;
			productType = "com.apple.product-type.application";
		};
/* End PBXNativeTarget section */

/* Begin PBXProject section */
		BE1BD94B225F74BA00B7F55B /* Project object */ = {
			isa = PBXProject;
			attributes = {
				LastSwiftUpdateCheck = 1020;
				LastUpgradeCheck = 1210;
				ORGANIZATIONNAME = Microblink;
				TargetAttributes = {
					BE1BD952225F74BA00B7F55B = {
						CreatedOnToolsVersion = 10.2;
						LastSwiftMigration = 1020;
					};
				};
			};
			buildConfigurationList = BE1BD94E225F74BA00B7F55B /* Build configuration list for PBXProject "BlinkCard-sample-Swift" */;
			compatibilityVersion = "Xcode 9.3";
			developmentRegion = en;
			hasScannedForEncodings = 0;
			knownRegions = (
				en,
				Base,
			);
			mainGroup = BE1BD94A225F74BA00B7F55B;
			productRefGroup = BE1BD954225F74BA00B7F55B /* Products */;
			projectDirPath = "";
			projectRoot = "";
			targets = (
				BE1BD952225F74BA00B7F55B /* BlinkCard-sample-Swift */,
			);
		};
/* End PBXProject section */

/* Begin PBXResourcesBuildPhase section */
		BE1BD951225F74BA00B7F55B /* Resources */ = {
			isa = PBXResourcesBuildPhase;
			buildActionMask = 2147483647;
			files = (
				BE1BD961225F74BB00B7F55B /* LaunchScreen.storyboard in Resources */,
				BE1BD980225F7CC700B7F55B /* license.txt in Resources */,
				BE1BD95E225F74BB00B7F55B /* Assets.xcassets in Resources */,
				BE1BD95C225F74BA00B7F55B /* Main.storyboard in Resources */,
			);
			runOnlyForDeploymentPostprocessing = 0;
		};
/* End PBXResourcesBuildPhase section */

/* Begin PBXShellScriptBuildPhase section */
		180729952458811B00BFEC7F /* ShellScript */ = {
			isa = PBXShellScriptBuildPhase;
			buildActionMask = 2147483647;
			files = (
			);
			inputFileListPaths = (
			);
			inputPaths = (
			);
			outputFileListPaths = (
			);
			outputPaths = (
			);
			runOnlyForDeploymentPostprocessing = 0;
			shellPath = /bin/sh;
			shellScript = "APP_PATH=\"${TARGET_BUILD_DIR}/${WRAPPER_NAME}\"\n\n# This script loops through the frameworks embedded in the application and\n# removes unused architectures.\nfind \"$APP_PATH\" -name '*.framework' -type d | while read -r FRAMEWORK\ndo\nFRAMEWORK_EXECUTABLE_NAME=$(defaults read \"$FRAMEWORK/Info.plist\" CFBundleExecutable)\nFRAMEWORK_EXECUTABLE_PATH=\"$FRAMEWORK/$FRAMEWORK_EXECUTABLE_NAME\"\necho \"Executable is $FRAMEWORK_EXECUTABLE_PATH\"\n\nEXTRACTED_ARCHS=()\n\nfor ARCH in $ARCHS\ndo\necho \"Extracting $ARCH from $FRAMEWORK_EXECUTABLE_NAME\"\nlipo -extract \"$ARCH\" \"$FRAMEWORK_EXECUTABLE_PATH\" -o \"$FRAMEWORK_EXECUTABLE_PATH-$ARCH\"\nEXTRACTED_ARCHS+=(\"$FRAMEWORK_EXECUTABLE_PATH-$ARCH\")\ndone\n\necho \"Merging extracted architectures: ${ARCHS}\"\nlipo -o \"$FRAMEWORK_EXECUTABLE_PATH-merged\" -create \"${EXTRACTED_ARCHS[@]}\"\nrm \"${EXTRACTED_ARCHS[@]}\"\n\necho \"Replacing original executable with thinned version\"\nrm \"$FRAMEWORK_EXECUTABLE_PATH\"\nmv \"$FRAMEWORK_EXECUTABLE_PATH-merged\" \"$FRAMEWORK_EXECUTABLE_PATH\"\n\ndone\n";
		};
/* End PBXShellScriptBuildPhase section */

/* Begin PBXSourcesBuildPhase section */
		BE1BD94F225F74BA00B7F55B /* Sources */ = {
			isa = PBXSourcesBuildPhase;
			buildActionMask = 2147483647;
			files = (
				BE1BD959225F74BA00B7F55B /* ViewController.swift in Sources */,
				BE1BD957225F74BA00B7F55B /* AppDelegate.swift in Sources */,
				A29765FB24ADE0C20047FF48 /* CustomOverlay.swift in Sources */,
			);
			runOnlyForDeploymentPostprocessing = 0;
		};
/* End PBXSourcesBuildPhase section */

/* Begin PBXVariantGroup section */
		BE1BD95A225F74BA00B7F55B /* Main.storyboard */ = {
			isa = PBXVariantGroup;
			children = (
				BE1BD95B225F74BA00B7F55B /* Base */,
			);
			name = Main.storyboard;
			sourceTree = "<group>";
		};
		BE1BD95F225F74BB00B7F55B /* LaunchScreen.storyboard */ = {
			isa = PBXVariantGroup;
			children = (
				BE1BD960225F74BB00B7F55B /* Base */,
			);
			name = LaunchScreen.storyboard;
			sourceTree = "<group>";
		};
/* End PBXVariantGroup section */

/* Begin XCBuildConfiguration section */
		BE1BD963225F74BB00B7F55B /* Debug */ = {
			isa = XCBuildConfiguration;
			buildSettings = {
				ALWAYS_SEARCH_USER_PATHS = NO;
				CLANG_ANALYZER_NONNULL = YES;
				CLANG_ANALYZER_NUMBER_OBJECT_CONVERSION = YES_AGGRESSIVE;
				CLANG_CXX_LANGUAGE_STANDARD = "gnu++14";
				CLANG_CXX_LIBRARY = "libc++";
				CLANG_ENABLE_MODULES = YES;
				CLANG_ENABLE_OBJC_ARC = YES;
				CLANG_ENABLE_OBJC_WEAK = YES;
				CLANG_WARN_BLOCK_CAPTURE_AUTORELEASING = YES;
				CLANG_WARN_BOOL_CONVERSION = YES;
				CLANG_WARN_COMMA = YES;
				CLANG_WARN_CONSTANT_CONVERSION = YES;
				CLANG_WARN_DEPRECATED_OBJC_IMPLEMENTATIONS = YES;
				CLANG_WARN_DIRECT_OBJC_ISA_USAGE = YES_ERROR;
				CLANG_WARN_DOCUMENTATION_COMMENTS = YES;
				CLANG_WARN_EMPTY_BODY = YES;
				CLANG_WARN_ENUM_CONVERSION = YES;
				CLANG_WARN_INFINITE_RECURSION = YES;
				CLANG_WARN_INT_CONVERSION = YES;
				CLANG_WARN_NON_LITERAL_NULL_CONVERSION = YES;
				CLANG_WARN_OBJC_IMPLICIT_RETAIN_SELF = YES;
				CLANG_WARN_OBJC_LITERAL_CONVERSION = YES;
				CLANG_WARN_OBJC_ROOT_CLASS = YES_ERROR;
				CLANG_WARN_QUOTED_INCLUDE_IN_FRAMEWORK_HEADER = YES;
				CLANG_WARN_RANGE_LOOP_ANALYSIS = YES;
				CLANG_WARN_STRICT_PROTOTYPES = YES;
				CLANG_WARN_SUSPICIOUS_MOVE = YES;
				CLANG_WARN_UNGUARDED_AVAILABILITY = YES_AGGRESSIVE;
				CLANG_WARN_UNREACHABLE_CODE = YES;
				CLANG_WARN__DUPLICATE_METHOD_MATCH = YES;
				CODE_SIGN_IDENTITY = "iPhone Developer";
				COPY_PHASE_STRIP = NO;
				DEBUG_INFORMATION_FORMAT = dwarf;
				ENABLE_STRICT_OBJC_MSGSEND = YES;
				ENABLE_TESTABILITY = YES;
				GCC_C_LANGUAGE_STANDARD = gnu11;
				GCC_DYNAMIC_NO_PIC = NO;
				GCC_NO_COMMON_BLOCKS = YES;
				GCC_OPTIMIZATION_LEVEL = 0;
				GCC_PREPROCESSOR_DEFINITIONS = (
					"DEBUG=1",
					"$(inherited)",
				);
				GCC_WARN_64_TO_32_BIT_CONVERSION = YES;
				GCC_WARN_ABOUT_RETURN_TYPE = YES_ERROR;
				GCC_WARN_UNDECLARED_SELECTOR = YES;
				GCC_WARN_UNINITIALIZED_AUTOS = YES_AGGRESSIVE;
				GCC_WARN_UNUSED_FUNCTION = YES;
				GCC_WARN_UNUSED_VARIABLE = YES;
				IPHONEOS_DEPLOYMENT_TARGET = 12.2;
				MTL_ENABLE_DEBUG_INFO = INCLUDE_SOURCE;
				MTL_FAST_MATH = YES;
				ONLY_ACTIVE_ARCH = YES;
				SDKROOT = iphoneos;
				SWIFT_ACTIVE_COMPILATION_CONDITIONS = DEBUG;
				SWIFT_OPTIMIZATION_LEVEL = "-Onone";
			};
			name = Debug;
		};
		BE1BD964225F74BB00B7F55B /* Release */ = {
			isa = XCBuildConfiguration;
			buildSettings = {
				ALWAYS_SEARCH_USER_PATHS = NO;
				CLANG_ANALYZER_NONNULL = YES;
				CLANG_ANALYZER_NUMBER_OBJECT_CONVERSION = YES_AGGRESSIVE;
				CLANG_CXX_LANGUAGE_STANDARD = "gnu++14";
				CLANG_CXX_LIBRARY = "libc++";
				CLANG_ENABLE_MODULES = YES;
				CLANG_ENABLE_OBJC_ARC = YES;
				CLANG_ENABLE_OBJC_WEAK = YES;
				CLANG_WARN_BLOCK_CAPTURE_AUTORELEASING = YES;
				CLANG_WARN_BOOL_CONVERSION = YES;
				CLANG_WARN_COMMA = YES;
				CLANG_WARN_CONSTANT_CONVERSION = YES;
				CLANG_WARN_DEPRECATED_OBJC_IMPLEMENTATIONS = YES;
				CLANG_WARN_DIRECT_OBJC_ISA_USAGE = YES_ERROR;
				CLANG_WARN_DOCUMENTATION_COMMENTS = YES;
				CLANG_WARN_EMPTY_BODY = YES;
				CLANG_WARN_ENUM_CONVERSION = YES;
				CLANG_WARN_INFINITE_RECURSION = YES;
				CLANG_WARN_INT_CONVERSION = YES;
				CLANG_WARN_NON_LITERAL_NULL_CONVERSION = YES;
				CLANG_WARN_OBJC_IMPLICIT_RETAIN_SELF = YES;
				CLANG_WARN_OBJC_LITERAL_CONVERSION = YES;
				CLANG_WARN_OBJC_ROOT_CLASS = YES_ERROR;
				CLANG_WARN_QUOTED_INCLUDE_IN_FRAMEWORK_HEADER = YES;
				CLANG_WARN_RANGE_LOOP_ANALYSIS = YES;
				CLANG_WARN_STRICT_PROTOTYPES = YES;
				CLANG_WARN_SUSPICIOUS_MOVE = YES;
				CLANG_WARN_UNGUARDED_AVAILABILITY = YES_AGGRESSIVE;
				CLANG_WARN_UNREACHABLE_CODE = YES;
				CLANG_WARN__DUPLICATE_METHOD_MATCH = YES;
				CODE_SIGN_IDENTITY = "iPhone Developer";
				COPY_PHASE_STRIP = NO;
				DEBUG_INFORMATION_FORMAT = "dwarf-with-dsym";
				ENABLE_NS_ASSERTIONS = NO;
				ENABLE_STRICT_OBJC_MSGSEND = YES;
				GCC_C_LANGUAGE_STANDARD = gnu11;
				GCC_NO_COMMON_BLOCKS = YES;
				GCC_WARN_64_TO_32_BIT_CONVERSION = YES;
				GCC_WARN_ABOUT_RETURN_TYPE = YES_ERROR;
				GCC_WARN_UNDECLARED_SELECTOR = YES;
				GCC_WARN_UNINITIALIZED_AUTOS = YES_AGGRESSIVE;
				GCC_WARN_UNUSED_FUNCTION = YES;
				GCC_WARN_UNUSED_VARIABLE = YES;
				IPHONEOS_DEPLOYMENT_TARGET = 12.2;
				MTL_ENABLE_DEBUG_INFO = NO;
				MTL_FAST_MATH = YES;
				SDKROOT = iphoneos;
				SWIFT_COMPILATION_MODE = wholemodule;
				SWIFT_OPTIMIZATION_LEVEL = "-O";
				VALIDATE_PRODUCT = YES;
			};
			name = Release;
		};
		BE1BD966225F74BB00B7F55B /* Debug */ = {
			isa = XCBuildConfiguration;
			buildSettings = {
				ASSETCATALOG_COMPILER_APPICON_NAME = AppIcon;
				CODE_SIGN_STYLE = Automatic;
				DEVELOPMENT_TEAM = CQTJWP89J7;
				ENABLE_BITCODE = NO;
				"EXCLUDED_ARCHS[sdk=iphonesimulator*]" = arm64;
				FRAMEWORK_SEARCH_PATHS = "$(PROJECT_DIR)/../../";
				INFOPLIST_FILE = "BlinkCard-Sample-Swift/Info.plist";
				IPHONEOS_DEPLOYMENT_TARGET = 12.0;
				LD_RUNPATH_SEARCH_PATHS = (
					"$(inherited)",
					"@executable_path/Frameworks",
				);
				PRODUCT_BUNDLE_IDENTIFIER = "com.microblink.blinkcard-sample";
				PRODUCT_NAME = "$(TARGET_NAME)";
				SWIFT_VERSION = 5.0;
				TARGETED_DEVICE_FAMILY = "1,2";
			};
			name = Debug;
		};
		BE1BD967225F74BB00B7F55B /* Release */ = {
			isa = XCBuildConfiguration;
			buildSettings = {
				ASSETCATALOG_COMPILER_APPICON_NAME = AppIcon;
				CODE_SIGN_STYLE = Automatic;
				DEVELOPMENT_TEAM = CQTJWP89J7;
				ENABLE_BITCODE = NO;
				"EXCLUDED_ARCHS[sdk=iphonesimulator*]" = arm64;
				FRAMEWORK_SEARCH_PATHS = "$(PROJECT_DIR)/../../";
				INFOPLIST_FILE = "BlinkCard-Sample-Swift/Info.plist";
				IPHONEOS_DEPLOYMENT_TARGET = 12.0;
				LD_RUNPATH_SEARCH_PATHS = (
					"$(inherited)",
					"@executable_path/Frameworks",
				);
				PRODUCT_BUNDLE_IDENTIFIER = "com.microblink.blinkcard-sample";
				PRODUCT_NAME = "$(TARGET_NAME)";
				SWIFT_VERSION = 5.0;
				TARGETED_DEVICE_FAMILY = "1,2";
			};
			name = Release;
		};
/* End XCBuildConfiguration section */

/* Begin XCConfigurationList section */
		BE1BD94E225F74BA00B7F55B /* Build configuration list for PBXProject "BlinkCard-sample-Swift" */ = {
			isa = XCConfigurationList;
			buildConfigurations = (
				BE1BD963225F74BB00B7F55B /* Debug */,
				BE1BD964225F74BB00B7F55B /* Release */,
			);
			defaultConfigurationIsVisible = 0;
			defaultConfigurationName = Release;
		};
		BE1BD965225F74BB00B7F55B /* Build configuration list for PBXNativeTarget "BlinkCard-sample-Swift" */ = {
			isa = XCConfigurationList;
			buildConfigurations = (
				BE1BD966225F74BB00B7F55B /* Debug */,
				BE1BD967225F74BB00B7F55B /* Release */,
			);
			defaultConfigurationIsVisible = 0;
			defaultConfigurationName = Release;
		};
/* End XCConfigurationList section */
	};
	rootObject = BE1BD94B225F74BA00B7F55B /* Project object */;
}
